{
  "version": 1,
  "dependencies": {
    "net10.0": {
      "Newtonsoft.Json": {
        "type": "Direct",
        "requested": "[13.0.3, )",
        "resolved": "13.0.3",
        "contentHash": "HrC5BXdl00IP9zeV+0Z848QWPAoCr9P3bDEZguI+gkLcBKAOxix/tLEAAHC+UvDNPv4a2d18lOReHMOagPa+zQ=="
      },
      "NLog": {
        "type": "Direct",
        "requested": "[5.4.0, )",
        "resolved": "5.4.0",
        "contentHash": "LwMcGSW3soF3/SL68rlJN3Eh3ktrAPycC3zZR/07OYBPraZUu0bygEC7kIN10lUQgMXT4s84Fi1chglGdGrQEg=="
      },
      "QuestPDF": {
        "type": "Direct",
        "requested": "[2024.10.4, )",
        "resolved": "2024.10.4",
        "contentHash": "4QqO28jvDpaqR0GYhIi9QymJWgEmTw9zMsvVvSA1OKpT0FuLXIwrOBC6akUT4wH3pVqICRW+DOmf10SOfYthSw=="
      }
    }
  }
}